// !$*UTF8*$!
{
	archiveVersion = 1;
	classes = {
	};
	objectVersion = 56;
	objects = {

/* Begin PBXBuildFile section */
		2833A1522CA8954600294992 /* AppDelegate.swift in Sources */ = {isa = PBXBuildFile; fileRef = 2833A1512CA8954600294992 /* AppDelegate.swift */; };
		2833A1542CA8954600294992 /* SceneDelegate.swift in Sources */ = {isa = PBXBuildFile; fileRef = 2833A1532CA8954600294992 /* SceneDelegate.swift */; };
		2833A1562CA8954600294992 /* HomeViewController.swift in Sources */ = {isa = PBXBuildFile; fileRef = 2833A1552CA8954600294992 /* HomeViewController.swift */; };
		2833A1592CA8954600294992 /* Main.storyboard in Resources */ = {isa = PBXBuildFile; fileRef = 2833A1572CA8954600294992 /* Main.storyboard */; };
		2833A15B2CA8954800294992 /* Assets.xcassets in Resources */ = {isa = PBXBuildFile; fileRef = 2833A15A2CA8954800294992 /* Assets.xcassets */; };
		2833A15E2CA8954800294992 /* LaunchScreen.storyboard in Resources */ = {isa = PBXBuildFile; fileRef = 2833A15C2CA8954800294992 /* LaunchScreen.storyboard */; };
		2833A1682CA89A3D00294992 /* KulimPark-Regular.ttf in Resources */ = {isa = PBXBuildFile; fileRef = 2833A1672CA89A3D00294992 /* KulimPark-Regular.ttf */; };
		2833A16A2CA89A4B00294992 /* KulimPark-Bold.ttf in Resources */ = {isa = PBXBuildFile; fileRef = 2833A1692CA89A4B00294992 /* KulimPark-Bold.ttf */; };
		2833A16E2CA8F7C800294992 /* KulimPark-BoldItalic.ttf in Resources */ = {isa = PBXBuildFile; fileRef = 2833A16D2CA8F7C800294992 /* KulimPark-BoldItalic.ttf */; };
		28A12EA82CB47B47005AD334 /* API.swift in Sources */ = {isa = PBXBuildFile; fileRef = 28A12EA72CB47B47005AD334 /* API.swift */; };
		28A12EAA2CB47CCF005AD334 /* Stock.swift in Sources */ = {isa = PBXBuildFile; fileRef = 28A12EA92CB47CCF005AD334 /* Stock.swift */; };
		28A12EAC2CB47E20005AD334 /* StockStore.swift in Sources */ = {isa = PBXBuildFile; fileRef = 28A12EAB2CB47E20005AD334 /* StockStore.swift */; };
/* End PBXBuildFile section */

/* Begin PBXFileReference section */
		2833A14E2CA8954600294992 /* SharezWatch.app */ = {isa = PBXFileReference; explicitFileType = wrapper.application; includeInIndex = 0; path = SharezWatch.app; sourceTree = BUILT_PRODUCTS_DIR; };
		2833A1512CA8954600294992 /* AppDelegate.swift */ = {isa = PBXFileReference; lastKnownFileType = sourcecode.swift; path = AppDelegate.swift; sourceTree = "<group>"; };
		2833A1532CA8954600294992 /* SceneDelegate.swift */ = {isa = PBXFileReference; lastKnownFileType = sourcecode.swift; path = SceneDelegate.swift; sourceTree = "<group>"; };
		2833A1552CA8954600294992 /* HomeViewController.swift */ = {isa = PBXFileReference; lastKnownFileType = sourcecode.swift; path = HomeViewController.swift; sourceTree = "<group>"; };
		2833A1582CA8954600294992 /* Base */ = {isa = PBXFileReference; lastKnownFileType = file.storyboard; name = Base; path = Base.lproj/Main.storyboard; sourceTree = "<group>"; };
		2833A15A2CA8954800294992 /* Assets.xcassets */ = {isa = PBXFileReference; lastKnownFileType = folder.assetcatalog; path = Assets.xcassets; sourceTree = "<group>"; };
		2833A15D2CA8954800294992 /* Base */ = {isa = PBXFileReference; lastKnownFileType = file.storyboard; name = Base; path = Base.lproj/LaunchScreen.storyboard; sourceTree = "<group>"; };
		2833A15F2CA8954800294992 /* Info.plist */ = {isa = PBXFileReference; lastKnownFileType = text.plist.xml; path = Info.plist; sourceTree = "<group>"; };
		2833A1672CA89A3D00294992 /* KulimPark-Regular.ttf */ = {isa = PBXFileReference; lastKnownFileType = file; path = "KulimPark-Regular.ttf"; sourceTree = "<group>"; };
		2833A1692CA89A4B00294992 /* KulimPark-Bold.ttf */ = {isa = PBXFileReference; lastKnownFileType = file; path = "KulimPark-Bold.ttf"; sourceTree = "<group>"; };
		2833A16D2CA8F7C800294992 /* KulimPark-BoldItalic.ttf */ = {isa = PBXFileReference; lastKnownFileType = file; path = "KulimPark-BoldItalic.ttf"; sourceTree = "<group>"; };
		28A12EA72CB47B47005AD334 /* API.swift */ = {isa = PBXFileReference; lastKnownFileType = sourcecode.swift; path = API.swift; sourceTree = "<group>"; };
		28A12EA92CB47CCF005AD334 /* Stock.swift */ = {isa = PBXFileReference; lastKnownFileType = sourcecode.swift; path = Stock.swift; sourceTree = "<group>"; };
		28A12EAB2CB47E20005AD334 /* StockStore.swift */ = {isa = PBXFileReference; lastKnownFileType = sourcecode.swift; path = StockStore.swift; sourceTree = "<group>"; };
/* End PBXFileReference section */

/* Begin PBXFrameworksBuildPhase section */
		2833A14B2CA8954600294992 /* Frameworks */ = {
			isa = PBXFrameworksBuildPhase;
			buildActionMask = 2147483647;
			files = (
			);
			runOnlyForDeploymentPostprocessing = 0;
		};
/* End PBXFrameworksBuildPhase section */

/* Begin PBXGroup section */
		2833A1452CA8954600294992 = {
			isa = PBXGroup;
			children = (
				2833A1502CA8954600294992 /* SharezWatch */,
				2833A14F2CA8954600294992 /* Products */,
			);
			sourceTree = "<group>";
		};
		2833A14F2CA8954600294992 /* Products */ = {
			isa = PBXGroup;
			children = (
				2833A14E2CA8954600294992 /* SharezWatch.app */,
			);
			name = Products;
			sourceTree = "<group>";
		};
		2833A1502CA8954600294992 /* SharezWatch */ = {
			isa = PBXGroup;
			children = (
				28A12EA62CB47B2D005AD334 /* Models */,
				2833A1662CA899BF00294992 /* Fonts */,
				2833A1652CA8991000294992 /* ViewControllers */,
				2833A1512CA8954600294992 /* AppDelegate.swift */,
				2833A1532CA8954600294992 /* SceneDelegate.swift */,
				2833A1572CA8954600294992 /* Main.storyboard */,
				2833A15A2CA8954800294992 /* Assets.xcassets */,
				2833A15C2CA8954800294992 /* LaunchScreen.storyboard */,
				2833A15F2CA8954800294992 /* Info.plist */,
			);
			path = SharezWatch;
			sourceTree = "<group>";
		};
		2833A1652CA8991000294992 /* ViewControllers */ = {
			isa = PBXGroup;
			children = (
				2833A1552CA8954600294992 /* HomeViewController.swift */,
			);
			path = ViewControllers;
			sourceTree = "<group>";
		};
		2833A1662CA899BF00294992 /* Fonts */ = {
			isa = PBXGroup;
			children = (
				2833A16D2CA8F7C800294992 /* KulimPark-BoldItalic.ttf */,
				2833A1692CA89A4B00294992 /* KulimPark-Bold.ttf */,
				2833A1672CA89A3D00294992 /* KulimPark-Regular.ttf */,
			);
			path = Fonts;
			sourceTree = "<group>";
		};
		28A12EA62CB47B2D005AD334 /* Models */ = {
			isa = PBXGroup;
			children = (
				28A12EA72CB47B47005AD334 /* API.swift */,
				28A12EA92CB47CCF005AD334 /* Stock.swift */,
				28A12EAB2CB47E20005AD334 /* StockStore.swift */,
			);
			path = Models;
			sourceTree = "<group>";
		};
/* End PBXGroup section */

/* Begin PBXNativeTarget section */
		2833A14D2CA8954600294992 /* SharezWatch */ = {
			isa = PBXNativeTarget;
			buildConfigurationList = 2833A1622CA8954800294992 /* Build configuration list for PBXNativeTarget "SharezWatch" */;
			buildPhases = (
				2833A14A2CA8954600294992 /* Sources */,
				2833A14B2CA8954600294992 /* Frameworks */,
				2833A14C2CA8954600294992 /* Resources */,
			);
			buildRules = (
			);
			dependencies = (
			);
			name = SharezWatch;
			productName = SharezWatch;
			productReference = 2833A14E2CA8954600294992 /* SharezWatch.app */;
			productType = "com.apple.product-type.application";
		};
/* End PBXNativeTarget section */

/* Begin PBXProject section */
		2833A1462CA8954600294992 /* Project object */ = {
			isa = PBXProject;
			attributes = {
				BuildIndependentTargetsInParallel = 1;
				LastSwiftUpdateCheck = 1520;
				LastUpgradeCheck = 1520;
				TargetAttributes = {
					2833A14D2CA8954600294992 = {
						CreatedOnToolsVersion = 15.2;
					};
				};
			};
			buildConfigurationList = 2833A1492CA8954600294992 /* Build configuration list for PBXProject "SharezWatch" */;
			compatibilityVersion = "Xcode 14.0";
			developmentRegion = en;
			hasScannedForEncodings = 0;
			knownRegions = (
				en,
				Base,
			);
			mainGroup = 2833A1452CA8954600294992;
			productRefGroup = 2833A14F2CA8954600294992 /* Products */;
			projectDirPath = "";
			projectRoot = "";
			targets = (
				2833A14D2CA8954600294992 /* SharezWatch */,
			);
		};
/* End PBXProject section */

/* Begin PBXResourcesBuildPhase section */
		2833A14C2CA8954600294992 /* Resources */ = {
			isa = PBXResourcesBuildPhase;
			buildActionMask = 2147483647;
			files = (
				2833A16E2CA8F7C800294992 /* KulimPark-BoldItalic.ttf in Resources */,
				2833A16A2CA89A4B00294992 /* KulimPark-Bold.ttf in Resources */,
				2833A1682CA89A3D00294992 /* KulimPark-Regular.ttf in Resources */,
				2833A15E2CA8954800294992 /* LaunchScreen.storyboard in Resources */,
				2833A15B2CA8954800294992 /* Assets.xcassets in Resources */,
				2833A1592CA8954600294992 /* Main.storyboard in Resources */,
			);
			runOnlyForDeploymentPostprocessing = 0;
		};
/* End PBXResourcesBuildPhase section */

/* Begin PBXSourcesBuildPhase section */
		2833A14A2CA8954600294992 /* Sources */ = {
			isa = PBXSourcesBuildPhase;
			buildActionMask = 2147483647;
			files = (
				28A12EAC2CB47E20005AD334 /* StockStore.swift in Sources */,
				2833A1562CA8954600294992 /* HomeViewController.swift in Sources */,
				2833A1522CA8954600294992 /* AppDelegate.swift in Sources */,
				28A12EA82CB47B47005AD334 /* API.swift in Sources */,
				28A12EAA2CB47CCF005AD334 /* Stock.swift in Sources */,
				2833A1542CA8954600294992 /* SceneDelegate.swift in Sources */,
			);
			runOnlyForDeploymentPostprocessing = 0;
		};
/* End PBXSourcesBuildPhase section */

/* Begin PBXVariantGroup section */
		2833A1572CA8954600294992 /* Main.storyboard */ = {
			isa = PBXVariantGroup;
			children = (
				2833A1582CA8954600294992 /* Base */,
			);
			name = Main.storyboard;
			sourceTree = "<group>";
		};
		2833A15C2CA8954800294992 /* LaunchScreen.storyboard */ = {
			isa = PBXVariantGroup;
			children = (
				2833A15D2CA8954800294992 /* Base */,
			);
			name = LaunchScreen.storyboard;
			sourceTree = "<group>";
		};
/* End PBXVariantGroup section */

/* Begin XCBuildConfiguration section */
		2833A1602CA8954800294992 /* Debug */ = {
			isa = XCBuildConfiguration;
			buildSettings = {
				ALWAYS_SEARCH_USER_PATHS = NO;
				ASSETCATALOG_COMPILER_GENERATE_SWIFT_ASSET_SYMBOL_EXTENSIONS = YES;
				CLANG_ANALYZER_NONNULL = YES;
				CLANG_ANALYZER_NUMBER_OBJECT_CONVERSION = YES_AGGRESSIVE;
				CLANG_CXX_LANGUAGE_STANDARD = "gnu++20";
				CLANG_ENABLE_MODULES = YES;
				CLANG_ENABLE_OBJC_ARC = YES;
				CLANG_ENABLE_OBJC_WEAK = YES;
				CLANG_WARN_BLOCK_CAPTURE_AUTORELEASING = YES;
				CLANG_WARN_BOOL_CONVERSION = YES;
				CLANG_WARN_COMMA = YES;
				CLANG_WARN_CONSTANT_CONVERSION = YES;
				CLANG_WARN_DEPRECATED_OBJC_IMPLEMENTATIONS = YES;
				CLANG_WARN_DIRECT_OBJC_ISA_USAGE = YES_ERROR;
				CLANG_WARN_DOCUMENTATION_COMMENTS = YES;
				CLANG_WARN_EMPTY_BODY = YES;
				CLANG_WARN_ENUM_CONVERSION = YES;
				CLANG_WARN_INFINITE_RECURSION = YES;
				CLANG_WARN_INT_CONVERSION = YES;
				CLANG_WARN_NON_LITERAL_NULL_CONVERSION = YES;
				CLANG_WARN_OBJC_IMPLICIT_RETAIN_SELF = YES;
				CLANG_WARN_OBJC_LITERAL_CONVERSION = YES;
				CLANG_WARN_OBJC_ROOT_CLASS = YES_ERROR;
				CLANG_WARN_QUOTED_INCLUDE_IN_FRAMEWORK_HEADER = YES;
				CLANG_WARN_RANGE_LOOP_ANALYSIS = YES;
				CLANG_WARN_STRICT_PROTOTYPES = YES;
				CLANG_WARN_SUSPICIOUS_MOVE = YES;
				CLANG_WARN_UNGUARDED_AVAILABILITY = YES_AGGRESSIVE;
				CLANG_WARN_UNREACHABLE_CODE = YES;
				CLANG_WARN__DUPLICATE_METHOD_MATCH = YES;
				COPY_PHASE_STRIP = NO;
				DEBUG_INFORMATION_FORMAT = dwarf;
				ENABLE_STRICT_OBJC_MSGSEND = YES;
				ENABLE_TESTABILITY = YES;
				ENABLE_USER_SCRIPT_SANDBOXING = YES;
				GCC_C_LANGUAGE_STANDARD = gnu17;
				GCC_DYNAMIC_NO_PIC = NO;
				GCC_NO_COMMON_BLOCKS = YES;
				GCC_OPTIMIZATION_LEVEL = 0;
				GCC_PREPROCESSOR_DEFINITIONS = (
					"DEBUG=1",
					"$(inherited)",
				);
				GCC_WARN_64_TO_32_BIT_CONVERSION = YES;
				GCC_WARN_ABOUT_RETURN_TYPE = YES_ERROR;
				GCC_WARN_UNDECLARED_SELECTOR = YES;
				GCC_WARN_UNINITIALIZED_AUTOS = YES_AGGRESSIVE;
				GCC_WARN_UNUSED_FUNCTION = YES;
				GCC_WARN_UNUSED_VARIABLE = YES;
				IPHONEOS_DEPLOYMENT_TARGET = 17.2;
				LOCALIZATION_PREFERS_STRING_CATALOGS = YES;
				MTL_ENABLE_DEBUG_INFO = INCLUDE_SOURCE;
				MTL_FAST_MATH = YES;
				ONLY_ACTIVE_ARCH = YES;
				SDKROOT = iphoneos;
				SWIFT_ACTIVE_COMPILATION_CONDITIONS = "DEBUG $(inherited)";
				SWIFT_OPTIMIZATION_LEVEL = "-Onone";
			};
			name = Debug;
		};
		2833A1612CA8954800294992 /* Release */ = {
			isa = XCBuildConfiguration;
			buildSettings = {
				ALWAYS_SEARCH_USER_PATHS = NO;
				ASSETCATALOG_COMPILER_GENERATE_SWIFT_ASSET_SYMBOL_EXTENSIONS = YES;
				CLANG_ANALYZER_NONNULL = YES;
				CLANG_ANALYZER_NUMBER_OBJECT_CONVERSION = YES_AGGRESSIVE;
				CLANG_CXX_LANGUAGE_STANDARD = "gnu++20";
				CLANG_ENABLE_MODULES = YES;
				CLANG_ENABLE_OBJC_ARC = YES;
				CLANG_ENABLE_OBJC_WEAK = YES;
				CLANG_WARN_BLOCK_CAPTURE_AUTORELEASING = YES;
				CLANG_WARN_BOOL_CONVERSION = YES;
				CLANG_WARN_COMMA = YES;
				CLANG_WARN_CONSTANT_CONVERSION = YES;
				CLANG_WARN_DEPRECATED_OBJC_IMPLEMENTATIONS = YES;
				CLANG_WARN_DIRECT_OBJC_ISA_USAGE = YES_ERROR;
				CLANG_WARN_DOCUMENTATION_COMMENTS = YES;
				CLANG_WARN_EMPTY_BODY = YES;
				CLANG_WARN_ENUM_CONVERSION = YES;
				CLANG_WARN_INFINITE_RECURSION = YES;
				CLANG_WARN_INT_CONVERSION = YES;
				CLANG_WARN_NON_LITERAL_NULL_CONVERSION = YES;
				CLANG_WARN_OBJC_IMPLICIT_RETAIN_SELF = YES;
				CLANG_WARN_OBJC_LITERAL_CONVERSION = YES;
				CLANG_WARN_OBJC_ROOT_CLASS = YES_ERROR;
				CLANG_WARN_QUOTED_INCLUDE_IN_FRAMEWORK_HEADER = YES;
				CLANG_WARN_RANGE_LOOP_ANALYSIS = YES;
				CLANG_WARN_STRICT_PROTOTYPES = YES;
				CLANG_WARN_SUSPICIOUS_MOVE = YES;
				CLANG_WARN_UNGUARDED_AVAILABILITY = YES_AGGRESSIVE;
				CLANG_WARN_UNREACHABLE_CODE = YES;
				CLANG_WARN__DUPLICATE_METHOD_MATCH = YES;
				COPY_PHASE_STRIP = NO;
				DEBUG_INFORMATION_FORMAT = "dwarf-with-dsym";
				ENABLE_NS_ASSERTIONS = NO;
				ENABLE_STRICT_OBJC_MSGSEND = YES;
				ENABLE_USER_SCRIPT_SANDBOXING = YES;
				GCC_C_LANGUAGE_STANDARD = gnu17;
				GCC_NO_COMMON_BLOCKS = YES;
				GCC_WARN_64_TO_32_BIT_CONVERSION = YES;
				GCC_WARN_ABOUT_RETURN_TYPE = YES_ERROR;
				GCC_WARN_UNDECLARED_SELECTOR = YES;
				GCC_WARN_UNINITIALIZED_AUTOS = YES_AGGRESSIVE;
				GCC_WARN_UNUSED_FUNCTION = YES;
				GCC_WARN_UNUSED_VARIABLE = YES;
				IPHONEOS_DEPLOYMENT_TARGET = 17.2;
				LOCALIZATION_PREFERS_STRING_CATALOGS = YES;
				MTL_ENABLE_DEBUG_INFO = NO;
				MTL_FAST_MATH = YES;
				SDKROOT = iphoneos;
				SWIFT_COMPILATION_MODE = wholemodule;
				VALIDATE_PRODUCT = YES;
			};
			name = Release;
		};
		2833A1632CA8954800294992 /* Debug */ = {
			isa = XCBuildConfiguration;
			buildSettings = {
				ASSETCATALOG_COMPILER_APPICON_NAME = AppIcon;
				ASSETCATALOG_COMPILER_GLOBAL_ACCENT_COLOR_NAME = AccentColor;
				CODE_SIGN_STYLE = Automatic;
				CURRENT_PROJECT_VERSION = 1;
				GENERATE_INFOPLIST_FILE = YES;
				INFOPLIST_FILE = SharezWatch/Info.plist;
				INFOPLIST_KEY_UIApplicationSupportsIndirectInputEvents = YES;
				INFOPLIST_KEY_UILaunchStoryboardName = LaunchScreen;
				INFOPLIST_KEY_UIMainStoryboardFile = Main;
				INFOPLIST_KEY_UISupportedInterfaceOrientations_iPad = "UIInterfaceOrientationPortrait UIInterfaceOrientationPortraitUpsideDown UIInterfaceOrientationLandscapeLeft UIInterfaceOrientationLandscapeRight";
				INFOPLIST_KEY_UISupportedInterfaceOrientations_iPhone = "UIInterfaceOrientationPortrait UIInterfaceOrientationLandscapeLeft UIInterfaceOrientationLandscapeRight";
				LD_RUNPATH_SEARCH_PATHS = (
					"$(inherited)",
					"@executable_path/Frameworks",
				);
				MARKETING_VERSION = 1.0;
				PRODUCT_BUNDLE_IDENTIFIER = ca.myscc.w0806279.SharezWatch;
				PRODUCT_NAME = "$(TARGET_NAME)";
				SWIFT_EMIT_LOC_STRINGS = YES;
				SWIFT_VERSION = 5.0;
				TARGETED_DEVICE_FAMILY = "1,2";
			};
			name = Debug;
		};
		2833A1642CA8954800294992 /* Release */ = {
			isa = XCBuildConfiguration;
			buildSettings = {
				ASSETCATALOG_COMPILER_APPICON_NAME = AppIcon;
				ASSETCATALOG_COMPILER_GLOBAL_ACCENT_COLOR_NAME = AccentColor;
				CODE_SIGN_STYLE = Automatic;
				CURRENT_PROJECT_VERSION = 1;
				GENERATE_INFOPLIST_FILE = YES;
				INFOPLIST_FILE = SharezWatch/Info.plist;
				INFOPLIST_KEY_UIApplicationSupportsIndirectInputEvents = YES;
				INFOPLIST_KEY_UILaunchStoryboardName = LaunchScreen;
				INFOPLIST_KEY_UIMainStoryboardFile = Main;
				INFOPLIST_KEY_UISupportedInterfaceOrientations_iPad = "UIInterfaceOrientationPortrait UIInterfaceOrientationPortraitUpsideDown UIInterfaceOrientationLandscapeLeft UIInterfaceOrientationLandscapeRight";
				INFOPLIST_KEY_UISupportedInterfaceOrientations_iPhone = "UIInterfaceOrientationPortrait UIInterfaceOrientationLandscapeLeft UIInterfaceOrientationLandscapeRight";
				LD_RUNPATH_SEARCH_PATHS = (
					"$(inherited)",
					"@executable_path/Frameworks",
				);
				MARKETING_VERSION = 1.0;
				PRODUCT_BUNDLE_IDENTIFIER = ca.myscc.w0806279.SharezWatch;
				PRODUCT_NAME = "$(TARGET_NAME)";
				SWIFT_EMIT_LOC_STRINGS = YES;
				SWIFT_VERSION = 5.0;
				TARGETED_DEVICE_FAMILY = "1,2";
			};
			name = Release;
		};
/* End XCBuildConfiguration section */

/* Begin XCConfigurationList section */
		2833A1492CA8954600294992 /* Build configuration list for PBXProject "SharezWatch" */ = {
			isa = XCConfigurationList;
			buildConfigurations = (
				2833A1602CA8954800294992 /* Debug */,
				2833A1612CA8954800294992 /* Release */,
			);
			defaultConfigurationIsVisible = 0;
			defaultConfigurationName = Release;
		};
		2833A1622CA8954800294992 /* Build configuration list for PBXNativeTarget "SharezWatch" */ = {
			isa = XCConfigurationList;
			buildConfigurations = (
				2833A1632CA8954800294992 /* Debug */,
				2833A1642CA8954800294992 /* Release */,
			);
			defaultConfigurationIsVisible = 0;
			defaultConfigurationName = Release;
		};
/* End XCConfigurationList section */
	};
	rootObject = 2833A1462CA8954600294992 /* Project object */;
}
